Microsoft Visual Studio Solution File, Format Version 11.00
# Visual Studio 2008

Project("{1ACABA57-649F-BD0A-D5CA-CDB0EFB0A606}") = "auto-walk-unity", "Assembly-CSharp.csproj", "{66C2746D-7A5F-FCE4-08D4-3113719BAFDE}"
EndProject
Global
	GlobalSection(SolutionConfigurationPlatforms) = preSolution
		Debug|Any CPU = Debug|Any CPU
		Release|Any CPU = Release|Any CPU
	EndGlobalSection
	GlobalSection(ProjectConfigurationPlatforms) = postSolution
		{66C2746D-7A5F-FCE4-08D4-3113719BAFDE}.Debug|Any CPU.ActiveCfg = Debug|Any CPU
		{66C2746D-7A5F-FCE4-08D4-3113719BAFDE}.Debug|Any CPU.Build.0 = Debug|Any CPU
		{66C2746D-7A5F-FCE4-08D4-3113719BAFDE}.Release|Any CPU.ActiveCfg = Release|Any CPU
		{66C2746D-7A5F-FCE4-08D4-3113719BAFDE}.Release|Any CPU.Build.0 = Release|Any CPU
	EndGlobalSection
	GlobalSection(SolutionProperties) = preSolution
		HideSolutionNode = FALSE
	EndGlobalSection
	GlobalSection(MonoDevelopProperties) = preSolution
		StartupItem = Assembly-CSharp.csproj
	EndGlobalSection
EndGlobal
